// !$*UTF8*$!
{
	archiveVersion = 1;
	classes = {
	};
	objectVersion = 55;
	objects = {

/* Begin PBXBuildFile section */
		549EB705273E02BF00460F06 /* AppDelegate.swift in Sources */ = {isa = PBXBuildFile; fileRef = 549EB704273E02BF00460F06 /* AppDelegate.swift */; };
		549EB707273E02BF00460F06 /* SceneDelegate.swift in Sources */ = {isa = PBXBuildFile; fileRef = 549EB706273E02BF00460F06 /* SceneDelegate.swift */; };
		549EB709273E02BF00460F06 /* ViewController.swift in Sources */ = {isa = PBXBuildFile; fileRef = 549EB708273E02BF00460F06 /* ViewController.swift */; };
		549EB70C273E02BF00460F06 /* Main.storyboard in Resources */ = {isa = PBXBuildFile; fileRef = 549EB70A273E02BF00460F06 /* Main.storyboard */; };
		549EB70E273E02C100460F06 /* Assets.xcassets in Resources */ = {isa = PBXBuildFile; fileRef = 549EB70D273E02C100460F06 /* Assets.xcassets */; };
		549EB711273E02C100460F06 /* LaunchScreen.storyboard in Resources */ = {isa = PBXBuildFile; fileRef = 549EB70F273E02C100460F06 /* LaunchScreen.storyboard */; };
		549EB71D273E070300460F06 /* CollectionViewCustomCell.swift in Sources */ = {isa = PBXBuildFile; fileRef = 549EB71B273E070300460F06 /* CollectionViewCustomCell.swift */; };
		549EB71E273E070300460F06 /* CollectionViewCustomCell.xib in Resources */ = {isa = PBXBuildFile; fileRef = 549EB71C273E070300460F06 /* CollectionViewCustomCell.xib */; };
		549EB721273E0A6000460F06 /* MusicDetailDatas.swift in Sources */ = {isa = PBXBuildFile; fileRef = 549EB720273E0A6000460F06 /* MusicDetailDatas.swift */; };
		549EB723273E0B0C00460F06 /* MusicAlamofireProcess.swift in Sources */ = {isa = PBXBuildFile; fileRef = 549EB722273E0B0C00460F06 /* MusicAlamofireProcess.swift */; };
		549EB726273E16FB00460F06 /* LottieAnimation.swift in Sources */ = {isa = PBXBuildFile; fileRef = 549EB725273E16FB00460F06 /* LottieAnimation.swift */; };
		549EB728273E182700460F06 /* 5.json in Resources */ = {isa = PBXBuildFile; fileRef = 549EB727273E182700460F06 /* 5.json */; };
		549EB72B273E215E00460F06 /* MusicDetailView.swift in Sources */ = {isa = PBXBuildFile; fileRef = 549EB729273E215E00460F06 /* MusicDetailView.swift */; };
		549EB72C273E215E00460F06 /* MusicDetailView.xib in Resources */ = {isa = PBXBuildFile; fileRef = 549EB72A273E215E00460F06 /* MusicDetailView.xib */; };
		549EB731273E2BD000460F06 /* PlayListTableViewCell.swift in Sources */ = {isa = PBXBuildFile; fileRef = 549EB72F273E2BD000460F06 /* PlayListTableViewCell.swift */; };
		549EB732273E2BD000460F06 /* PlayListTableViewCell.xib in Resources */ = {isa = PBXBuildFile; fileRef = 549EB730273E2BD000460F06 /* PlayListTableViewCell.xib */; };
		549EB735273E3C6400460F06 /* VideoListView.swift in Sources */ = {isa = PBXBuildFile; fileRef = 549EB733273E3C6400460F06 /* VideoListView.swift */; };
		549EB736273E3C6400460F06 /* VideoListView.xib in Resources */ = {isa = PBXBuildFile; fileRef = 549EB734273E3C6400460F06 /* VideoListView.xib */; };
		549EB739273E3E1C00460F06 /* VideoListCell.swift in Sources */ = {isa = PBXBuildFile; fileRef = 549EB737273E3E1C00460F06 /* VideoListCell.swift */; };
		549EB73A273E3E1C00460F06 /* VideoListCell.xib in Resources */ = {isa = PBXBuildFile; fileRef = 549EB738273E3E1C00460F06 /* VideoListCell.xib */; };
		549EB73E273E41CD00460F06 /* VideoDetailGroup.swift in Sources */ = {isa = PBXBuildFile; fileRef = 549EB73D273E41CD00460F06 /* VideoDetailGroup.swift */; };
		549EB740273E41EE00460F06 /* VideoAlamofireProcess.swift in Sources */ = {isa = PBXBuildFile; fileRef = 549EB73F273E41EE00460F06 /* VideoAlamofireProcess.swift */; };
		F03A05CB0B02775201486DE1 /* Pods_MusicSearchAPP.framework in Frameworks */ = {isa = PBXBuildFile; fileRef = 07E3C64C43578A7BBA84C9E5 /* Pods_MusicSearchAPP.framework */; };
/* End PBXBuildFile section */

/* Begin PBXFileReference section */
		07E3C64C43578A7BBA84C9E5 /* Pods_MusicSearchAPP.framework */ = {isa = PBXFileReference; explicitFileType = wrapper.framework; includeInIndex = 0; path = Pods_MusicSearchAPP.framework; sourceTree = BUILT_PRODUCTS_DIR; };
		549A7B0276AB564D00064B10 /* Pods-MusicSearchAPP.debug.xcconfig */ = {isa = PBXFileReference; includeInIndex = 1; lastKnownFileType = text.xcconfig; name = "Pods-MusicSearchAPP.debug.xcconfig"; path = "Target Support Files/Pods-MusicSearchAPP/Pods-MusicSearchAPP.debug.xcconfig"; sourceTree = "<group>"; };
		549EB701273E02BF00460F06 /* MusicSearchAPP.app */ = {isa = PBXFileReference; explicitFileType = wrapper.application; includeInIndex = 0; path = MusicSearchAPP.app; sourceTree = BUILT_PRODUCTS_DIR; };
		549EB704273E02BF00460F06 /* AppDelegate.swift */ = {isa = PBXFileReference; lastKnownFileType = sourcecode.swift; path = AppDelegate.swift; sourceTree = "<group>"; };
		549EB706273E02BF00460F06 /* SceneDelegate.swift */ = {isa = PBXFileReference; lastKnownFileType = sourcecode.swift; path = SceneDelegate.swift; sourceTree = "<group>"; };
		549EB708273E02BF00460F06 /* ViewController.swift */ = {isa = PBXFileReference; lastKnownFileType = sourcecode.swift; path = ViewController.swift; sourceTree = "<group>"; };
		549EB70B273E02BF00460F06 /* Base */ = {isa = PBXFileReference; lastKnownFileType = file.storyboard; name = Base; path = Base.lproj/Main.storyboard; sourceTree = "<group>"; };
		549EB70D273E02C100460F06 /* Assets.xcassets */ = {isa = PBXFileReference; lastKnownFileType = folder.assetcatalog; path = Assets.xcassets; sourceTree = "<group>"; };
		549EB710273E02C100460F06 /* Base */ = {isa = PBXFileReference; lastKnownFileType = file.storyboard; name = Base; path = Base.lproj/LaunchScreen.storyboard; sourceTree = "<group>"; };
		549EB712273E02C100460F06 /* Info.plist */ = {isa = PBXFileReference; lastKnownFileType = text.plist.xml; path = Info.plist; sourceTree = "<group>"; };
		549EB71B273E070300460F06 /* CollectionViewCustomCell.swift */ = {isa = PBXFileReference; lastKnownFileType = sourcecode.swift; path = CollectionViewCustomCell.swift; sourceTree = "<group>"; };
		549EB71C273E070300460F06 /* CollectionViewCustomCell.xib */ = {isa = PBXFileReference; lastKnownFileType = file.xib; path = CollectionViewCustomCell.xib; sourceTree = "<group>"; };
		549EB720273E0A6000460F06 /* MusicDetailDatas.swift */ = {isa = PBXFileReference; lastKnownFileType = sourcecode.swift; path = MusicDetailDatas.swift; sourceTree = "<group>"; };
		549EB722273E0B0C00460F06 /* MusicAlamofireProcess.swift */ = {isa = PBXFileReference; lastKnownFileType = sourcecode.swift; path = MusicAlamofireProcess.swift; sourceTree = "<group>"; };
		549EB725273E16FB00460F06 /* LottieAnimation.swift */ = {isa = PBXFileReference; lastKnownFileType = sourcecode.swift; path = LottieAnimation.swift; sourceTree = "<group>"; };
		549EB727273E182700460F06 /* 5.json */ = {isa = PBXFileReference; fileEncoding = 4; lastKnownFileType = text.json; path = 5.json; sourceTree = "<group>"; };
		549EB729273E215E00460F06 /* MusicDetailView.swift */ = {isa = PBXFileReference; lastKnownFileType = sourcecode.swift; path = MusicDetailView.swift; sourceTree = "<group>"; };
		549EB72A273E215E00460F06 /* MusicDetailView.xib */ = {isa = PBXFileReference; lastKnownFileType = file.xib; path = MusicDetailView.xib; sourceTree = "<group>"; };
		549EB72F273E2BD000460F06 /* PlayListTableViewCell.swift */ = {isa = PBXFileReference; lastKnownFileType = sourcecode.swift; path = PlayListTableViewCell.swift; sourceTree = "<group>"; };
		549EB730273E2BD000460F06 /* PlayListTableViewCell.xib */ = {isa = PBXFileReference; lastKnownFileType = file.xib; path = PlayListTableViewCell.xib; sourceTree = "<group>"; };
		549EB733273E3C6400460F06 /* VideoListView.swift */ = {isa = PBXFileReference; lastKnownFileType = sourcecode.swift; path = VideoListView.swift; sourceTree = "<group>"; };
		549EB734273E3C6400460F06 /* VideoListView.xib */ = {isa = PBXFileReference; lastKnownFileType = file.xib; path = VideoListView.xib; sourceTree = "<group>"; };
		549EB737273E3E1C00460F06 /* VideoListCell.swift */ = {isa = PBXFileReference; lastKnownFileType = sourcecode.swift; path = VideoListCell.swift; sourceTree = "<group>"; };
		549EB738273E3E1C00460F06 /* VideoListCell.xib */ = {isa = PBXFileReference; lastKnownFileType = file.xib; path = VideoListCell.xib; sourceTree = "<group>"; };
		549EB73D273E41CD00460F06 /* VideoDetailGroup.swift */ = {isa = PBXFileReference; lastKnownFileType = sourcecode.swift; path = VideoDetailGroup.swift; sourceTree = "<group>"; };
		549EB73F273E41EE00460F06 /* VideoAlamofireProcess.swift */ = {isa = PBXFileReference; lastKnownFileType = sourcecode.swift; path = VideoAlamofireProcess.swift; sourceTree = "<group>"; };
		5D2D8BD80780F7D2FAF7388D /* Pods-MusicSearchAPP.release.xcconfig */ = {isa = PBXFileReference; includeInIndex = 1; lastKnownFileType = text.xcconfig; name = "Pods-MusicSearchAPP.release.xcconfig"; path = "Target Support Files/Pods-MusicSearchAPP/Pods-MusicSearchAPP.release.xcconfig"; sourceTree = "<group>"; };
/* End PBXFileReference section */

/* Begin PBXFrameworksBuildPhase section */
		549EB6FE273E02BF00460F06 /* Frameworks */ = {
			isa = PBXFrameworksBuildPhase;
			buildActionMask = 2147483647;
			files = (
				F03A05CB0B02775201486DE1 /* Pods_MusicSearchAPP.framework in Frameworks */,
			);
			runOnlyForDeploymentPostprocessing = 0;
		};
/* End PBXFrameworksBuildPhase section */

/* Begin PBXGroup section */
		0B300EF00263690D074B8D8E /* Pods */ = {
			isa = PBXGroup;
			children = (
				549A7B0276AB564D00064B10 /* Pods-MusicSearchAPP.debug.xcconfig */,
				5D2D8BD80780F7D2FAF7388D /* Pods-MusicSearchAPP.release.xcconfig */,
			);
			path = Pods;
			sourceTree = "<group>";
		};
		130BC5E390416340202DEF40 /* Frameworks */ = {
			isa = PBXGroup;
			children = (
				07E3C64C43578A7BBA84C9E5 /* Pods_MusicSearchAPP.framework */,
			);
			name = Frameworks;
			sourceTree = "<group>";
		};
		549EB6F8273E02BE00460F06 = {
			isa = PBXGroup;
			children = (
				549EB703273E02BF00460F06 /* MusicSearchAPP */,
				549EB702273E02BF00460F06 /* Products */,
				0B300EF00263690D074B8D8E /* Pods */,
				130BC5E390416340202DEF40 /* Frameworks */,
			);
			sourceTree = "<group>";
		};
		549EB702273E02BF00460F06 /* Products */ = {
			isa = PBXGroup;
			children = (
				549EB701273E02BF00460F06 /* MusicSearchAPP.app */,
			);
			name = Products;
			sourceTree = "<group>";
		};
		549EB703273E02BF00460F06 /* MusicSearchAPP */ = {
			isa = PBXGroup;
			children = (
				549EB704273E02BF00460F06 /* AppDelegate.swift */,
				549EB706273E02BF00460F06 /* SceneDelegate.swift */,
				549EB71A273E045C00460F06 /* Model */,
				549EB719273E045600460F06 /* View */,
				549EB718273E044B00460F06 /* Controller */,
				549EB70F273E02C100460F06 /* LaunchScreen.storyboard */,
				549EB712273E02C100460F06 /* Info.plist */,
			);
			path = MusicSearchAPP;
			sourceTree = "<group>";
		};
		549EB718273E044B00460F06 /* Controller */ = {
			isa = PBXGroup;
			children = (
				549EB708273E02BF00460F06 /* ViewController.swift */,
			);
			path = Controller;
			sourceTree = "<group>";
		};
		549EB719273E045600460F06 /* View */ = {
			isa = PBXGroup;
			children = (
				549EB70A273E02BF00460F06 /* Main.storyboard */,
				549EB70D273E02C100460F06 /* Assets.xcassets */,
				549EB72E273E2B2200460F06 /* MusicDetailViewGroup */,
				549EB71F273E070B00460F06 /* CollectionViewCustomCellGroup */,
				549EB724273E16CC00460F06 /* Lottie */,
				549EB733273E3C6400460F06 /* VideoListView.swift */,
				549EB734273E3C6400460F06 /* VideoListView.xib */,
				549EB737273E3E1C00460F06 /* VideoListCell.swift */,
				549EB738273E3E1C00460F06 /* VideoListCell.xib */,
			);
			path = View;
			sourceTree = "<group>";
		};
		549EB71A273E045C00460F06 /* Model */ = {
			isa = PBXGroup;
			children = (
				549EB73C273E41A900460F06 /* VideoDetailGroup */,
				549EB73B273E418E00460F06 /* MusicDetailDataGroup */,
			);
			path = Model;
			sourceTree = "<group>";
		};
		549EB71F273E070B00460F06 /* CollectionViewCustomCellGroup */ = {
			isa = PBXGroup;
			children = (
				549EB71B273E070300460F06 /* CollectionViewCustomCell.swift */,
				549EB71C273E070300460F06 /* CollectionViewCustomCell.xib */,
			);
			path = CollectionViewCustomCellGroup;
			sourceTree = "<group>";
		};
		549EB724273E16CC00460F06 /* Lottie */ = {
			isa = PBXGroup;
			children = (
				549EB725273E16FB00460F06 /* LottieAnimation.swift */,
				549EB727273E182700460F06 /* 5.json */,
			);
			path = Lottie;
			sourceTree = "<group>";
		};
		549EB72E273E2B2200460F06 /* MusicDetailViewGroup */ = {
			isa = PBXGroup;
			children = (
				549EB729273E215E00460F06 /* MusicDetailView.swift */,
				549EB72A273E215E00460F06 /* MusicDetailView.xib */,
				549EB72F273E2BD000460F06 /* PlayListTableViewCell.swift */,
				549EB730273E2BD000460F06 /* PlayListTableViewCell.xib */,
			);
			path = MusicDetailViewGroup;
			sourceTree = "<group>";
		};
		549EB73B273E418E00460F06 /* MusicDetailDataGroup */ = {
			isa = PBXGroup;
			children = (
				549EB720273E0A6000460F06 /* MusicDetailDatas.swift */,
				549EB722273E0B0C00460F06 /* MusicAlamofireProcess.swift */,
			);
			path = MusicDetailDataGroup;
			sourceTree = "<group>";
		};
		549EB73C273E41A900460F06 /* VideoDetailGroup */ = {
			isa = PBXGroup;
			children = (
				549EB73D273E41CD00460F06 /* VideoDetailGroup.swift */,
				549EB73F273E41EE00460F06 /* VideoAlamofireProcess.swift */,
			);
			path = VideoDetailGroup;
			sourceTree = "<group>";
		};
/* End PBXGroup section */

/* Begin PBXNativeTarget section */
		549EB700273E02BF00460F06 /* MusicSearchAPP */ = {
			isa = PBXNativeTarget;
			buildConfigurationList = 549EB715273E02C100460F06 /* Build configuration list for PBXNativeTarget "MusicSearchAPP" */;
			buildPhases = (
				D55CF6910CF174616ECEBB6C /* [CP] Check Pods Manifest.lock */,
				549EB6FD273E02BF00460F06 /* Sources */,
				549EB6FE273E02BF00460F06 /* Frameworks */,
				549EB6FF273E02BF00460F06 /* Resources */,
				E575E0E5584B4D49F6A8E902 /* [CP] Embed Pods Frameworks */,
			);
			buildRules = (
			);
			dependencies = (
			);
			name = MusicSearchAPP;
			productName = MusicSearchAPP;
			productReference = 549EB701273E02BF00460F06 /* MusicSearchAPP.app */;
			productType = "com.apple.product-type.application";
		};
/* End PBXNativeTarget section */

/* Begin PBXProject section */
		549EB6F9273E02BE00460F06 /* Project object */ = {
			isa = PBXProject;
			attributes = {
				BuildIndependentTargetsInParallel = 1;
				LastSwiftUpdateCheck = 1310;
				LastUpgradeCheck = 1310;
				TargetAttributes = {
					549EB700273E02BF00460F06 = {
						CreatedOnToolsVersion = 13.1;
					};
				};
			};
			buildConfigurationList = 549EB6FC273E02BE00460F06 /* Build configuration list for PBXProject "MusicSearchAPP" */;
			compatibilityVersion = "Xcode 13.0";
			developmentRegion = en;
			hasScannedForEncodings = 0;
			knownRegions = (
				en,
				Base,
			);
			mainGroup = 549EB6F8273E02BE00460F06;
			productRefGroup = 549EB702273E02BF00460F06 /* Products */;
			projectDirPath = "";
			projectRoot = "";
			targets = (
				549EB700273E02BF00460F06 /* MusicSearchAPP */,
			);
		};
/* End PBXProject section */

/* Begin PBXResourcesBuildPhase section */
		549EB6FF273E02BF00460F06 /* Resources */ = {
			isa = PBXResourcesBuildPhase;
			buildActionMask = 2147483647;
			files = (
				549EB736273E3C6400460F06 /* VideoListView.xib in Resources */,
				549EB728273E182700460F06 /* 5.json in Resources */,
				549EB732273E2BD000460F06 /* PlayListTableViewCell.xib in Resources */,
				549EB73A273E3E1C00460F06 /* VideoListCell.xib in Resources */,
				549EB711273E02C100460F06 /* LaunchScreen.storyboard in Resources */,
				549EB70E273E02C100460F06 /* Assets.xcassets in Resources */,
				549EB72C273E215E00460F06 /* MusicDetailView.xib in Resources */,
				549EB70C273E02BF00460F06 /* Main.storyboard in Resources */,
				549EB71E273E070300460F06 /* CollectionViewCustomCell.xib in Resources */,
			);
			runOnlyForDeploymentPostprocessing = 0;
		};
/* End PBXResourcesBuildPhase section */

/* Begin PBXShellScriptBuildPhase section */
		D55CF6910CF174616ECEBB6C /* [CP] Check Pods Manifest.lock */ = {
			isa = PBXShellScriptBuildPhase;
			buildActionMask = 2147483647;
			files = (
			);
			inputFileListPaths = (
			);
			inputPaths = (
				"${PODS_PODFILE_DIR_PATH}/Podfile.lock",
				"${PODS_ROOT}/Manifest.lock",
			);
			name = "[CP] Check Pods Manifest.lock";
			outputFileListPaths = (
			);
			outputPaths = (
				"$(DERIVED_FILE_DIR)/Pods-MusicSearchAPP-checkManifestLockResult.txt",
			);
			runOnlyForDeploymentPostprocessing = 0;
			shellPath = /bin/sh;
			shellScript = "diff \"${PODS_PODFILE_DIR_PATH}/Podfile.lock\" \"${PODS_ROOT}/Manifest.lock\" > /dev/null\nif [ $? != 0 ] ; then\n    # print error to STDERR\n    echo \"error: The sandbox is not in sync with the Podfile.lock. Run 'pod install' or update your CocoaPods installation.\" >&2\n    exit 1\nfi\n# This output is used by Xcode 'outputs' to avoid re-running this script phase.\necho \"SUCCESS\" > \"${SCRIPT_OUTPUT_FILE_0}\"\n";
			showEnvVarsInLog = 0;
		};
		E575E0E5584B4D49F6A8E902 /* [CP] Embed Pods Frameworks */ = {
			isa = PBXShellScriptBuildPhase;
			buildActionMask = 2147483647;
			files = (
			);
			inputFileListPaths = (
				"${PODS_ROOT}/Target Support Files/Pods-MusicSearchAPP/Pods-MusicSearchAPP-frameworks-${CONFIGURATION}-input-files.xcfilelist",
			);
			name = "[CP] Embed Pods Frameworks";
			outputFileListPaths = (
				"${PODS_ROOT}/Target Support Files/Pods-MusicSearchAPP/Pods-MusicSearchAPP-frameworks-${CONFIGURATION}-output-files.xcfilelist",
			);
			runOnlyForDeploymentPostprocessing = 0;
			shellPath = /bin/sh;
			shellScript = "\"${PODS_ROOT}/Target Support Files/Pods-MusicSearchAPP/Pods-MusicSearchAPP-frameworks.sh\"\n";
			showEnvVarsInLog = 0;
		};
/* End PBXShellScriptBuildPhase section */

/* Begin PBXSourcesBuildPhase section */
		549EB6FD273E02BF00460F06 /* Sources */ = {
			isa = PBXSourcesBuildPhase;
			buildActionMask = 2147483647;
			files = (
				549EB735273E3C6400460F06 /* VideoListView.swift in Sources */,
				549EB709273E02BF00460F06 /* ViewController.swift in Sources */,
				549EB740273E41EE00460F06 /* VideoAlamofireProcess.swift in Sources */,
				549EB739273E3E1C00460F06 /* VideoListCell.swift in Sources */,
				549EB705273E02BF00460F06 /* AppDelegate.swift in Sources */,
				549EB731273E2BD000460F06 /* PlayListTableViewCell.swift in Sources */,
				549EB707273E02BF00460F06 /* SceneDelegate.swift in Sources */,
				549EB71D273E070300460F06 /* CollectionViewCustomCell.swift in Sources */,
				549EB723273E0B0C00460F06 /* MusicAlamofireProcess.swift in Sources */,
				549EB73E273E41CD00460F06 /* VideoDetailGroup.swift in Sources */,
				549EB726273E16FB00460F06 /* LottieAnimation.swift in Sources */,
				549EB721273E0A6000460F06 /* MusicDetailDatas.swift in Sources */,
				549EB72B273E215E00460F06 /* MusicDetailView.swift in Sources */,
			);
			runOnlyForDeploymentPostprocessing = 0;
		};
/* End PBXSourcesBuildPhase section */

/* Begin PBXVariantGroup section */
		549EB70A273E02BF00460F06 /* Main.storyboard */ = {
			isa = PBXVariantGroup;
			children = (
				549EB70B273E02BF00460F06 /* Base */,
			);
			name = Main.storyboard;
			sourceTree = "<group>";
		};
		549EB70F273E02C100460F06 /* LaunchScreen.storyboard */ = {
			isa = PBXVariantGroup;
			children = (
				549EB710273E02C100460F06 /* Base */,
			);
			name = LaunchScreen.storyboard;
			sourceTree = "<group>";
		};
/* End PBXVariantGroup section */

/* Begin XCBuildConfiguration section */
		549EB713273E02C100460F06 /* Debug */ = {
			isa = XCBuildConfiguration;
			buildSettings = {
				ALWAYS_SEARCH_USER_PATHS = NO;
				CLANG_ANALYZER_NONNULL = YES;
				CLANG_ANALYZER_NUMBER_OBJECT_CONVERSION = YES_AGGRESSIVE;
				CLANG_CXX_LANGUAGE_STANDARD = "gnu++17";
				CLANG_CXX_LIBRARY = "libc++";
				CLANG_ENABLE_MODULES = YES;
				CLANG_ENABLE_OBJC_ARC = YES;
				CLANG_ENABLE_OBJC_WEAK = YES;
				CLANG_WARN_BLOCK_CAPTURE_AUTORELEASING = YES;
				CLANG_WARN_BOOL_CONVERSION = YES;
				CLANG_WARN_COMMA = YES;
				CLANG_WARN_CONSTANT_CONVERSION = YES;
				CLANG_WARN_DEPRECATED_OBJC_IMPLEMENTATIONS = YES;
				CLANG_WARN_DIRECT_OBJC_ISA_USAGE = YES_ERROR;
				CLANG_WARN_DOCUMENTATION_COMMENTS = YES;
				CLANG_WARN_EMPTY_BODY = YES;
				CLANG_WARN_ENUM_CONVERSION = YES;
				CLANG_WARN_INFINITE_RECURSION = YES;
				CLANG_WARN_INT_CONVERSION = YES;
				CLANG_WARN_NON_LITERAL_NULL_CONVERSION = YES;
				CLANG_WARN_OBJC_IMPLICIT_RETAIN_SELF = YES;
				CLANG_WARN_OBJC_LITERAL_CONVERSION = YES;
				CLANG_WARN_OBJC_ROOT_CLASS = YES_ERROR;
				CLANG_WARN_QUOTED_INCLUDE_IN_FRAMEWORK_HEADER = YES;
				CLANG_WARN_RANGE_LOOP_ANALYSIS = YES;
				CLANG_WARN_STRICT_PROTOTYPES = YES;
				CLANG_WARN_SUSPICIOUS_MOVE = YES;
				CLANG_WARN_UNGUARDED_AVAILABILITY = YES_AGGRESSIVE;
				CLANG_WARN_UNREACHABLE_CODE = YES;
				CLANG_WARN__DUPLICATE_METHOD_MATCH = YES;
				COPY_PHASE_STRIP = NO;
				DEBUG_INFORMATION_FORMAT = dwarf;
				ENABLE_STRICT_OBJC_MSGSEND = YES;
				ENABLE_TESTABILITY = YES;
				GCC_C_LANGUAGE_STANDARD = gnu11;
				GCC_DYNAMIC_NO_PIC = NO;
				GCC_NO_COMMON_BLOCKS = YES;
				GCC_OPTIMIZATION_LEVEL = 0;
				GCC_PREPROCESSOR_DEFINITIONS = (
					"DEBUG=1",
					"$(inherited)",
				);
				GCC_WARN_64_TO_32_BIT_CONVERSION = YES;
				GCC_WARN_ABOUT_RETURN_TYPE = YES_ERROR;
				GCC_WARN_UNDECLARED_SELECTOR = YES;
				GCC_WARN_UNINITIALIZED_AUTOS = YES_AGGRESSIVE;
				GCC_WARN_UNUSED_FUNCTION = YES;
				GCC_WARN_UNUSED_VARIABLE = YES;
				IPHONEOS_DEPLOYMENT_TARGET = 15.0;
				MTL_ENABLE_DEBUG_INFO = INCLUDE_SOURCE;
				MTL_FAST_MATH = YES;
				ONLY_ACTIVE_ARCH = YES;
				SDKROOT = iphoneos;
				SWIFT_ACTIVE_COMPILATION_CONDITIONS = DEBUG;
				SWIFT_OPTIMIZATION_LEVEL = "-Onone";
			};
			name = Debug;
		};
		549EB714273E02C100460F06 /* Release */ = {
			isa = XCBuildConfiguration;
			buildSettings = {
				ALWAYS_SEARCH_USER_PATHS = NO;
				CLANG_ANALYZER_NONNULL = YES;
				CLANG_ANALYZER_NUMBER_OBJECT_CONVERSION = YES_AGGRESSIVE;
				CLANG_CXX_LANGUAGE_STANDARD = "gnu++17";
				CLANG_CXX_LIBRARY = "libc++";
				CLANG_ENABLE_MODULES = YES;
				CLANG_ENABLE_OBJC_ARC = YES;
				CLANG_ENABLE_OBJC_WEAK = YES;
				CLANG_WARN_BLOCK_CAPTURE_AUTORELEASING = YES;
				CLANG_WARN_BOOL_CONVERSION = YES;
				CLANG_WARN_COMMA = YES;
				CLANG_WARN_CONSTANT_CONVERSION = YES;
				CLANG_WARN_DEPRECATED_OBJC_IMPLEMENTATIONS = YES;
				CLANG_WARN_DIRECT_OBJC_ISA_USAGE = YES_ERROR;
				CLANG_WARN_DOCUMENTATION_COMMENTS = YES;
				CLANG_WARN_EMPTY_BODY = YES;
				CLANG_WARN_ENUM_CONVERSION = YES;
				CLANG_WARN_INFINITE_RECURSION = YES;
				CLANG_WARN_INT_CONVERSION = YES;
				CLANG_WARN_NON_LITERAL_NULL_CONVERSION = YES;
				CLANG_WARN_OBJC_IMPLICIT_RETAIN_SELF = YES;
				CLANG_WARN_OBJC_LITERAL_CONVERSION = YES;
				CLANG_WARN_OBJC_ROOT_CLASS = YES_ERROR;
				CLANG_WARN_QUOTED_INCLUDE_IN_FRAMEWORK_HEADER = YES;
				CLANG_WARN_RANGE_LOOP_ANALYSIS = YES;
				CLANG_WARN_STRICT_PROTOTYPES = YES;
				CLANG_WARN_SUSPICIOUS_MOVE = YES;
				CLANG_WARN_UNGUARDED_AVAILABILITY = YES_AGGRESSIVE;
				CLANG_WARN_UNREACHABLE_CODE = YES;
				CLANG_WARN__DUPLICATE_METHOD_MATCH = YES;
				COPY_PHASE_STRIP = NO;
				DEBUG_INFORMATION_FORMAT = "dwarf-with-dsym";
				ENABLE_NS_ASSERTIONS = NO;
				ENABLE_STRICT_OBJC_MSGSEND = YES;
				GCC_C_LANGUAGE_STANDARD = gnu11;
				GCC_NO_COMMON_BLOCKS = YES;
				GCC_WARN_64_TO_32_BIT_CONVERSION = YES;
				GCC_WARN_ABOUT_RETURN_TYPE = YES_ERROR;
				GCC_WARN_UNDECLARED_SELECTOR = YES;
				GCC_WARN_UNINITIALIZED_AUTOS = YES_AGGRESSIVE;
				GCC_WARN_UNUSED_FUNCTION = YES;
				GCC_WARN_UNUSED_VARIABLE = YES;
				IPHONEOS_DEPLOYMENT_TARGET = 15.0;
				MTL_ENABLE_DEBUG_INFO = NO;
				MTL_FAST_MATH = YES;
				SDKROOT = iphoneos;
				SWIFT_COMPILATION_MODE = wholemodule;
				SWIFT_OPTIMIZATION_LEVEL = "-O";
				VALIDATE_PRODUCT = YES;
			};
			name = Release;
		};
		549EB716273E02C100460F06 /* Debug */ = {
			isa = XCBuildConfiguration;
			baseConfigurationReference = 549A7B0276AB564D00064B10 /* Pods-MusicSearchAPP.debug.xcconfig */;
			buildSettings = {
				ASSETCATALOG_COMPILER_APPICON_NAME = AppIcon;
				ASSETCATALOG_COMPILER_GLOBAL_ACCENT_COLOR_NAME = AccentColor;
				CODE_SIGN_STYLE = Automatic;
				CURRENT_PROJECT_VERSION = 1;
				GENERATE_INFOPLIST_FILE = YES;
				INFOPLIST_FILE = MusicSearchAPP/Info.plist;
				INFOPLIST_KEY_UIApplicationSupportsIndirectInputEvents = YES;
				INFOPLIST_KEY_UILaunchStoryboardName = LaunchScreen;
				INFOPLIST_KEY_UIMainStoryboardFile = Main;
				INFOPLIST_KEY_UISupportedInterfaceOrientations = UIInterfaceOrientationPortrait;
				INFOPLIST_KEY_UISupportedInterfaceOrientations_iPad = "UIInterfaceOrientationPortrait UIInterfaceOrientationPortraitUpsideDown UIInterfaceOrientationLandscapeLeft UIInterfaceOrientationLandscapeRight";
				INFOPLIST_KEY_UISupportedInterfaceOrientations_iPhone = "UIInterfaceOrientationPortrait UIInterfaceOrientationLandscapeLeft UIInterfaceOrientationLandscapeRight";
				LD_RUNPATH_SEARCH_PATHS = (
					"$(inherited)",
					"@executable_path/Frameworks",
				);
				MARKETING_VERSION = 1.0;
				PRODUCT_BUNDLE_IDENTIFIER = com.MusicSearch.MusicSearchAPP;
				PRODUCT_NAME = "$(TARGET_NAME)";
				SWIFT_EMIT_LOC_STRINGS = YES;
				SWIFT_VERSION = 5.0;
				TARGETED_DEVICE_FAMILY = 1;
			};
			name = Debug;
		};
		549EB717273E02C100460F06 /* Release */ = {
			isa = XCBuildConfiguration;
			baseConfigurationReference = 5D2D8BD80780F7D2FAF7388D /* Pods-MusicSearchAPP.release.xcconfig */;
			buildSettings = {
				ASSETCATALOG_COMPILER_APPICON_NAME = AppIcon;
				ASSETCATALOG_COMPILER_GLOBAL_ACCENT_COLOR_NAME = AccentColor;
				CODE_SIGN_STYLE = Automatic;
				CURRENT_PROJECT_VERSION = 1;
				GENERATE_INFOPLIST_FILE = YES;
				INFOPLIST_FILE = MusicSearchAPP/Info.plist;
				INFOPLIST_KEY_UIApplicationSupportsIndirectInputEvents = YES;
				INFOPLIST_KEY_UILaunchStoryboardName = LaunchScreen;
				INFOPLIST_KEY_UIMainStoryboardFile = Main;
				INFOPLIST_KEY_UISupportedInterfaceOrientations = UIInterfaceOrientationPortrait;
				INFOPLIST_KEY_UISupportedInterfaceOrientations_iPad = "UIInterfaceOrientationPortrait UIInterfaceOrientationPortraitUpsideDown UIInterfaceOrientationLandscapeLeft UIInterfaceOrientationLandscapeRight";
				INFOPLIST_KEY_UISupportedInterfaceOrientations_iPhone = "UIInterfaceOrientationPortrait UIInterfaceOrientationLandscapeLeft UIInterfaceOrientationLandscapeRight";
				LD_RUNPATH_SEARCH_PATHS = (
					"$(inherited)",
					"@executable_path/Frameworks",
				);
				MARKETING_VERSION = 1.0;
				PRODUCT_BUNDLE_IDENTIFIER = com.MusicSearch.MusicSearchAPP;
				PRODUCT_NAME = "$(TARGET_NAME)";
				SWIFT_EMIT_LOC_STRINGS = YES;
				SWIFT_VERSION = 5.0;
				TARGETED_DEVICE_FAMILY = 1;
			};
			name = Release;
		};
/* End XCBuildConfiguration section */

/* Begin XCConfigurationList section */
		549EB6FC273E02BE00460F06 /* Build configuration list for PBXProject "MusicSearchAPP" */ = {
			isa = XCConfigurationList;
			buildConfigurations = (
				549EB713273E02C100460F06 /* Debug */,
				549EB714273E02C100460F06 /* Release */,
			);
			defaultConfigurationIsVisible = 0;
			defaultConfigurationName = Release;
		};
		549EB715273E02C100460F06 /* Build configuration list for PBXNativeTarget "MusicSearchAPP" */ = {
			isa = XCConfigurationList;
			buildConfigurations = (
				549EB716273E02C100460F06 /* Debug */,
				549EB717273E02C100460F06 /* Release */,
			);
			defaultConfigurationIsVisible = 0;
			defaultConfigurationName = Release;
		};
/* End XCConfigurationList section */
	};
	rootObject = 549EB6F9273E02BE00460F06 /* Project object */;
}
